
Microsoft Visual Studio Solution File, Format Version 12.00
# Visual Studio Version 17
VisualStudioVersion = 17.1.32228.430
MinimumVisualStudioVersion = 10.0.40219.1
Project("{FAE04EC0-301F-11D3-BF4B-00C04F79EFBC}") = "M4Assessment", "M4Assessment.csproj", "{A9FB2F14-0696-4E8C-9158-581B3AEE9800}"
EndProject
Global
	GlobalSection(SolutionConfigurationPlatforms) = preSolution
		Debug|Any CPU = Debug|Any CPU
		Release|Any CPU = Release|Any CPU
	EndGlobalSection
	GlobalSection(ProjectConfigurationPlatforms) = postSolution
		{A9FB2F14-0696-4E8C-9158-581B3AEE9800}.Debug|Any CPU.ActiveCfg = Debug|Any CPU
		{A9FB2F14-0696-4E8C-9158-581B3AEE9800}.Debug|Any CPU.Build.0 = Debug|Any CPU
		{A9FB2F14-0696-4E8C-9158-581B3AEE9800}.Release|Any CPU.ActiveCfg = Release|Any CPU
		{A9FB2F14-0696-4E8C-9158-581B3AEE9800}.Release|Any CPU.Build.0 = Release|Any CPU
	EndGlobalSection
	GlobalSection(SolutionProperties) = preSolution
		HideSolutionNode = FALSE
	EndGlobalSection
	GlobalSection(ExtensibilityGlobals) = postSolution
		SolutionGuid = {A1A1405E-BCA4-4D59-A954-79640E0234F8}
	EndGlobalSection
EndGlobal
